
Microsoft Visual Studio Solution File, Format Version 12.00
# Visual Studio 2012
Project("{FAE04EC0-301F-11D3-BF4B-00C04F79EFBC}") = "View", "View\View.csproj", "{879AF2C7-498B-40C0-B5ED-AA348D558E51}"
EndProject
Project("{FAE04EC0-301F-11D3-BF4B-00C04F79EFBC}") = "Model", "Model\Model.csproj", "{04F29E11-D6AB-4541-A9CB-BF15F00AABA3}"
EndProject
Project("{FAE04EC0-301F-11D3-BF4B-00C04F79EFBC}") = "Controller", "Controller\Controller.csproj", "{92C2CC9B-CAC1-4668-8991-569FEE6B7B11}"
EndProject
Global
	GlobalSection(SolutionConfigurationPlatforms) = preSolution
		Debug|Any CPU = Debug|Any CPU
		Release|Any CPU = Release|Any CPU
	EndGlobalSection
	GlobalSection(ProjectConfigurationPlatforms) = postSolution
		{879AF2C7-498B-40C0-B5ED-AA348D558E51}.Debug|Any CPU.ActiveCfg = Debug|Any CPU
		{879AF2C7-498B-40C0-B5ED-AA348D558E51}.Debug|Any CPU.Build.0 = Debug|Any CPU
		{879AF2C7-498B-40C0-B5ED-AA348D558E51}.Release|Any CPU.ActiveCfg = Release|Any CPU
		{879AF2C7-498B-40C0-B5ED-AA348D558E51}.Release|Any CPU.Build.0 = Release|Any CPU
		{04F29E11-D6AB-4541-A9CB-BF15F00AABA3}.Debug|Any CPU.ActiveCfg = Debug|Any CPU
		{04F29E11-D6AB-4541-A9CB-BF15F00AABA3}.Debug|Any CPU.Build.0 = Debug|Any CPU
		{04F29E11-D6AB-4541-A9CB-BF15F00AABA3}.Release|Any CPU.ActiveCfg = Release|Any CPU
		{04F29E11-D6AB-4541-A9CB-BF15F00AABA3}.Release|Any CPU.Build.0 = Release|Any CPU
		{92C2CC9B-CAC1-4668-8991-569FEE6B7B11}.Debug|Any CPU.ActiveCfg = Debug|Any CPU
		{92C2CC9B-CAC1-4668-8991-569FEE6B7B11}.Debug|Any CPU.Build.0 = Debug|Any CPU
		{92C2CC9B-CAC1-4668-8991-569FEE6B7B11}.Release|Any CPU.ActiveCfg = Release|Any CPU
		{92C2CC9B-CAC1-4668-8991-569FEE6B7B11}.Release|Any CPU.Build.0 = Release|Any CPU
	EndGlobalSection
	GlobalSection(SolutionProperties) = preSolution
		HideSolutionNode = FALSE
	EndGlobalSection
EndGlobal
